
Microsoft Visual Studio Solution File, Format Version 12.00
# Visual Studio Version 16
VisualStudioVersion = 16.0.31229.75
MinimumVisualStudioVersion = 10.0.40219.1
Project("{2150E333-8FDC-42A3-9474-1A3956D46DE8}") = "Modeling", "Modeling", "{15E51C1B-4479-4012-889B-55D60E8AA4ED}"
EndProject
Project("{778DAE3C-4631-46EA-AA77-85C1314464D9}") = "ValueConversions", "Modeling\ValueConversions\ValueConversions.vbproj", "{3EC10E76-9054-49DB-896F-4B234A79F228}"
EndProject
Project("{2150E333-8FDC-42A3-9474-1A3956D46DE8}") = "Spatial", "Spatial", "{A76F09AF-4AB8-4EC7-8444-F5476531EAB2}"
EndProject
Project("{778DAE3C-4631-46EA-AA77-85C1314464D9}") = "SqlServer", "Spatial\SqlServer\SqlServer.vbproj", "{BAB3786F-2BA5-49D4-BD06-5322E20B3FEB}"
EndProject
Project("{778DAE3C-4631-46EA-AA77-85C1314464D9}") = "Projections", "Spatial\Projections\Projections.vbproj", "{0992BE60-698A-411F-80BE-4137EC40290E}"
EndProject
Project("{778DAE3C-4631-46EA-AA77-85C1314464D9}") = "Intro", "Intro\Intro.vbproj", "{276860BA-A086-4CA6-93B3-177A340F98C3}"
EndProject
Project("{778DAE3C-4631-46EA-AA77-85C1314464D9}") = "GetStarted", "GetStarted\GetStarted.vbproj", "{74AA49B7-F53D-47FB-B99D-636C32ADEA8F}"
EndProject
Project("{778DAE3C-4631-46EA-AA77-85C1314464D9}") = "Performance", "Performance\Performance.vbproj", "{72A43A0C-C5E3-4F2C-9079-6ABBD96E79CE}"
EndProject
Project("{778DAE3C-4631-46EA-AA77-85C1314464D9}") = "DbContextPooling", "DbContextPooling\DbContextPooling.vbproj", "{149490CD-9F77-4FC1-A5A5-8E764A53A804}"
EndProject
Project("{778DAE3C-4631-46EA-AA77-85C1314464D9}") = "KeylessEntityTypes", "KeylessEntityTypes\KeylessEntityTypes.vbproj", "{72A99331-64BC-4C4A-8DA3-8C6A7F2F4E0D}"
EndProject
Project("{778DAE3C-4631-46EA-AA77-85C1314464D9}") = "FluentAPI", "Modeling\FluentAPI\FluentAPI.vbproj", "{0B2819BF-924A-4653-BDED-12B19FB64457}"
EndProject
Project("{F184B08F-C81C-45F6-A57F-5ABD9991F28F}") = "TableSplitting", "Modeling\TableSplitting\TableSplitting.vbproj", "{763E3433-6B39-4A8C-B1CB-1C4344F5BDC2}"
EndProject
Project("{F184B08F-C81C-45F6-A57F-5ABD9991F28F}") = "OwnedEntities", "Modeling\OwnedEntities\OwnedEntities.vbproj", "{5FC60C12-DE67-421E-81F3-B66AAF4E1F36}"
EndProject
Project("{F184B08F-C81C-45F6-A57F-5ABD9991F28F}") = "DynamicModel", "Modeling\DynamicModel\DynamicModel.vbproj", "{7D34E3E4-D1DA-45E6-ACB1-4C65C69BCDD5}"
EndProject
Project("{F184B08F-C81C-45F6-A57F-5ABD9991F28F}") = "DataSeeding", "Modeling\DataSeeding\DataSeeding.vbproj", "{ABC1266E-AA1F-4ABD-8FC0-FFF9A7C9935F}"
EndProject
Project("{F184B08F-C81C-45F6-A57F-5ABD9991F28F}") = "Conventions", "Modeling\Conventions\Conventions.vbproj", "{7837C0CB-E30D-42F6-8900-3E880A40799E}"
EndProject
Project("{F184B08F-C81C-45F6-A57F-5ABD9991F28F}") = "DataAnnotations", "Modeling\DataAnnotations\DataAnnotations.vbproj", "{1AD3F286-1E9F-4386-B6EF-726BD9035B4E}"
EndProject
Global
	GlobalSection(SolutionConfigurationPlatforms) = preSolution
		Debug|Any CPU = Debug|Any CPU
		Release|Any CPU = Release|Any CPU
	EndGlobalSection
	GlobalSection(ProjectConfigurationPlatforms) = postSolution
		{3EC10E76-9054-49DB-896F-4B234A79F228}.Debug|Any CPU.ActiveCfg = Debug|Any CPU
		{3EC10E76-9054-49DB-896F-4B234A79F228}.Debug|Any CPU.Build.0 = Debug|Any CPU
		{3EC10E76-9054-49DB-896F-4B234A79F228}.Release|Any CPU.ActiveCfg = Release|Any CPU
		{3EC10E76-9054-49DB-896F-4B234A79F228}.Release|Any CPU.Build.0 = Release|Any CPU
		{BAB3786F-2BA5-49D4-BD06-5322E20B3FEB}.Debug|Any CPU.ActiveCfg = Debug|Any CPU
		{BAB3786F-2BA5-49D4-BD06-5322E20B3FEB}.Debug|Any CPU.Build.0 = Debug|Any CPU
		{BAB3786F-2BA5-49D4-BD06-5322E20B3FEB}.Release|Any CPU.ActiveCfg = Release|Any CPU
		{BAB3786F-2BA5-49D4-BD06-5322E20B3FEB}.Release|Any CPU.Build.0 = Release|Any CPU
		{0992BE60-698A-411F-80BE-4137EC40290E}.Debug|Any CPU.ActiveCfg = Debug|Any CPU
		{0992BE60-698A-411F-80BE-4137EC40290E}.Debug|Any CPU.Build.0 = Debug|Any CPU
		{0992BE60-698A-411F-80BE-4137EC40290E}.Release|Any CPU.ActiveCfg = Release|Any CPU
		{0992BE60-698A-411F-80BE-4137EC40290E}.Release|Any CPU.Build.0 = Release|Any CPU
		{276860BA-A086-4CA6-93B3-177A340F98C3}.Debug|Any CPU.ActiveCfg = Debug|Any CPU
		{276860BA-A086-4CA6-93B3-177A340F98C3}.Debug|Any CPU.Build.0 = Debug|Any CPU
		{276860BA-A086-4CA6-93B3-177A340F98C3}.Release|Any CPU.ActiveCfg = Release|Any CPU
		{276860BA-A086-4CA6-93B3-177A340F98C3}.Release|Any CPU.Build.0 = Release|Any CPU
		{74AA49B7-F53D-47FB-B99D-636C32ADEA8F}.Debug|Any CPU.ActiveCfg = Debug|Any CPU
		{74AA49B7-F53D-47FB-B99D-636C32ADEA8F}.Debug|Any CPU.Build.0 = Debug|Any CPU
		{74AA49B7-F53D-47FB-B99D-636C32ADEA8F}.Release|Any CPU.ActiveCfg = Release|Any CPU
		{74AA49B7-F53D-47FB-B99D-636C32ADEA8F}.Release|Any CPU.Build.0 = Release|Any CPU
		{72A43A0C-C5E3-4F2C-9079-6ABBD96E79CE}.Debug|Any CPU.ActiveCfg = Debug|Any CPU
		{72A43A0C-C5E3-4F2C-9079-6ABBD96E79CE}.Debug|Any CPU.Build.0 = Debug|Any CPU
		{72A43A0C-C5E3-4F2C-9079-6ABBD96E79CE}.Release|Any CPU.ActiveCfg = Release|Any CPU
		{72A43A0C-C5E3-4F2C-9079-6ABBD96E79CE}.Release|Any CPU.Build.0 = Release|Any CPU
		{149490CD-9F77-4FC1-A5A5-8E764A53A804}.Debug|Any CPU.ActiveCfg = Debug|Any CPU
		{149490CD-9F77-4FC1-A5A5-8E764A53A804}.Debug|Any CPU.Build.0 = Debug|Any CPU
		{149490CD-9F77-4FC1-A5A5-8E764A53A804}.Release|Any CPU.ActiveCfg = Release|Any CPU
		{149490CD-9F77-4FC1-A5A5-8E764A53A804}.Release|Any CPU.Build.0 = Release|Any CPU
		{72A99331-64BC-4C4A-8DA3-8C6A7F2F4E0D}.Debug|Any CPU.ActiveCfg = Debug|Any CPU
		{72A99331-64BC-4C4A-8DA3-8C6A7F2F4E0D}.Debug|Any CPU.Build.0 = Debug|Any CPU
		{72A99331-64BC-4C4A-8DA3-8C6A7F2F4E0D}.Release|Any CPU.ActiveCfg = Release|Any CPU
		{72A99331-64BC-4C4A-8DA3-8C6A7F2F4E0D}.Release|Any CPU.Build.0 = Release|Any CPU
		{0B2819BF-924A-4653-BDED-12B19FB64457}.Debug|Any CPU.ActiveCfg = Debug|Any CPU
		{0B2819BF-924A-4653-BDED-12B19FB64457}.Debug|Any CPU.Build.0 = Debug|Any CPU
		{0B2819BF-924A-4653-BDED-12B19FB64457}.Release|Any CPU.ActiveCfg = Release|Any CPU
		{0B2819BF-924A-4653-BDED-12B19FB64457}.Release|Any CPU.Build.0 = Release|Any CPU
		{763E3433-6B39-4A8C-B1CB-1C4344F5BDC2}.Debug|Any CPU.ActiveCfg = Debug|Any CPU
		{763E3433-6B39-4A8C-B1CB-1C4344F5BDC2}.Debug|Any CPU.Build.0 = Debug|Any CPU
		{763E3433-6B39-4A8C-B1CB-1C4344F5BDC2}.Release|Any CPU.ActiveCfg = Release|Any CPU
		{763E3433-6B39-4A8C-B1CB-1C4344F5BDC2}.Release|Any CPU.Build.0 = Release|Any CPU
		{5FC60C12-DE67-421E-81F3-B66AAF4E1F36}.Debug|Any CPU.ActiveCfg = Debug|Any CPU
		{5FC60C12-DE67-421E-81F3-B66AAF4E1F36}.Debug|Any CPU.Build.0 = Debug|Any CPU
		{5FC60C12-DE67-421E-81F3-B66AAF4E1F36}.Release|Any CPU.ActiveCfg = Release|Any CPU
		{5FC60C12-DE67-421E-81F3-B66AAF4E1F36}.Release|Any CPU.Build.0 = Release|Any CPU
		{7D34E3E4-D1DA-45E6-ACB1-4C65C69BCDD5}.Debug|Any CPU.ActiveCfg = Debug|Any CPU
		{7D34E3E4-D1DA-45E6-ACB1-4C65C69BCDD5}.Debug|Any CPU.Build.0 = Debug|Any CPU
		{7D34E3E4-D1DA-45E6-ACB1-4C65C69BCDD5}.Release|Any CPU.ActiveCfg = Release|Any CPU
		{7D34E3E4-D1DA-45E6-ACB1-4C65C69BCDD5}.Release|Any CPU.Build.0 = Release|Any CPU
		{ABC1266E-AA1F-4ABD-8FC0-FFF9A7C9935F}.Debug|Any CPU.ActiveCfg = Debug|Any CPU
		{ABC1266E-AA1F-4ABD-8FC0-FFF9A7C9935F}.Debug|Any CPU.Build.0 = Debug|Any CPU
		{ABC1266E-AA1F-4ABD-8FC0-FFF9A7C9935F}.Release|Any CPU.ActiveCfg = Release|Any CPU
		{ABC1266E-AA1F-4ABD-8FC0-FFF9A7C9935F}.Release|Any CPU.Build.0 = Release|Any CPU
		{7837C0CB-E30D-42F6-8900-3E880A40799E}.Debug|Any CPU.ActiveCfg = Debug|Any CPU
		{7837C0CB-E30D-42F6-8900-3E880A40799E}.Debug|Any CPU.Build.0 = Debug|Any CPU
		{7837C0CB-E30D-42F6-8900-3E880A40799E}.Release|Any CPU.ActiveCfg = Release|Any CPU
		{7837C0CB-E30D-42F6-8900-3E880A40799E}.Release|Any CPU.Build.0 = Release|Any CPU
		{1AD3F286-1E9F-4386-B6EF-726BD9035B4E}.Debug|Any CPU.ActiveCfg = Debug|Any CPU
		{1AD3F286-1E9F-4386-B6EF-726BD9035B4E}.Debug|Any CPU.Build.0 = Debug|Any CPU
		{1AD3F286-1E9F-4386-B6EF-726BD9035B4E}.Release|Any CPU.ActiveCfg = Release|Any CPU
		{1AD3F286-1E9F-4386-B6EF-726BD9035B4E}.Release|Any CPU.Build.0 = Release|Any CPU
	EndGlobalSection
	GlobalSection(SolutionProperties) = preSolution
		HideSolutionNode = FALSE
	EndGlobalSection
	GlobalSection(NestedProjects) = preSolution
		{3EC10E76-9054-49DB-896F-4B234A79F228} = {15E51C1B-4479-4012-889B-55D60E8AA4ED}
		{BAB3786F-2BA5-49D4-BD06-5322E20B3FEB} = {A76F09AF-4AB8-4EC7-8444-F5476531EAB2}
		{0992BE60-698A-411F-80BE-4137EC40290E} = {A76F09AF-4AB8-4EC7-8444-F5476531EAB2}
		{0B2819BF-924A-4653-BDED-12B19FB64457} = {15E51C1B-4479-4012-889B-55D60E8AA4ED}
		{763E3433-6B39-4A8C-B1CB-1C4344F5BDC2} = {15E51C1B-4479-4012-889B-55D60E8AA4ED}
		{5FC60C12-DE67-421E-81F3-B66AAF4E1F36} = {15E51C1B-4479-4012-889B-55D60E8AA4ED}
		{7D34E3E4-D1DA-45E6-ACB1-4C65C69BCDD5} = {15E51C1B-4479-4012-889B-55D60E8AA4ED}
		{ABC1266E-AA1F-4ABD-8FC0-FFF9A7C9935F} = {15E51C1B-4479-4012-889B-55D60E8AA4ED}
		{7837C0CB-E30D-42F6-8900-3E880A40799E} = {15E51C1B-4479-4012-889B-55D60E8AA4ED}
		{1AD3F286-1E9F-4386-B6EF-726BD9035B4E} = {15E51C1B-4479-4012-889B-55D60E8AA4ED}
	EndGlobalSection
	GlobalSection(ExtensibilityGlobals) = postSolution
		SolutionGuid = {5028636C-F99D-48B1-A938-1B5EE5475A73}
	EndGlobalSection
EndGlobal
